// !$*UTF8*$!
{
	archiveVersion = 1;
	classes = {
	};
	objectVersion = 56;
	objects = {

/* Begin PBXBuildFile section */
		1F2D456C2D30343700C1F45A /* AnalysisDetailPage.swift in Sources */ = {isa = PBXBuildFile; fileRef = 1F2D456B2D30343700C1F45A /* AnalysisDetailPage.swift */; };
		1F2D456E2D30437A00C1F45A /* AnalysisDetailEditPage.swift in Sources */ = {isa = PBXBuildFile; fileRef = 1F2D456D2D30437A00C1F45A /* AnalysisDetailEditPage.swift */; };
		1F346DC62D2AD50400113DFF /* CounterGridView.swift in Sources */ = {isa = PBXBuildFile; fileRef = 1F346DC52D2AD50400113DFF /* CounterGridView.swift */; };
		1F346DC82D2AD5B200113DFF /* CounterGridItemView.swift in Sources */ = {isa = PBXBuildFile; fileRef = 1F346DC72D2AD5B200113DFF /* CounterGridItemView.swift */; };
		1F346DCA2D2AD9FD00113DFF /* CounterListView.swift in Sources */ = {isa = PBXBuildFile; fileRef = 1F346DC92D2AD9FD00113DFF /* CounterListView.swift */; };
		1F346DCF2D2ADE4800113DFF /* CountersView.swift in Sources */ = {isa = PBXBuildFile; fileRef = 1F346DCE2D2ADE4800113DFF /* CountersView.swift */; };
		1F658BCF2D28593800AD8940 /* CountoramaApp.swift in Sources */ = {isa = PBXBuildFile; fileRef = 1F658BCE2D28593800AD8940 /* CountoramaApp.swift */; };
		1F658BD32D28593C00AD8940 /* Assets.xcassets in Resources */ = {isa = PBXBuildFile; fileRef = 1F658BD22D28593C00AD8940 /* Assets.xcassets */; };
		1F658BD62D28593C00AD8940 /* Preview Assets.xcassets in Resources */ = {isa = PBXBuildFile; fileRef = 1F658BD52D28593C00AD8940 /* Preview Assets.xcassets */; };
		1F658BD82D28593C00AD8940 /* Persistence.swift in Sources */ = {isa = PBXBuildFile; fileRef = 1F658BD72D28593C00AD8940 /* Persistence.swift */; };
		1F658BDB2D28593C00AD8940 /* Countorama.xcdatamodeld in Sources */ = {isa = PBXBuildFile; fileRef = 1F658BD92D28593C00AD8940 /* Countorama.xcdatamodeld */; };
		1F658BE52D285ABD00AD8940 /* HomePage.swift in Sources */ = {isa = PBXBuildFile; fileRef = 1F658BE42D285ABD00AD8940 /* HomePage.swift */; };
		1F6B09932D401681009DBC44 /* TagSearchView.swift in Sources */ = {isa = PBXBuildFile; fileRef = 1F6B09922D401681009DBC44 /* TagSearchView.swift */; };
		1F6B09972D401C8A009DBC44 /* NavigationPathObject.swift in Sources */ = {isa = PBXBuildFile; fileRef = 1F6B09962D401C8A009DBC44 /* NavigationPathObject.swift */; };
		1F80B1112D350DD600CBDC6F /* CDCounter+Ext.swift in Sources */ = {isa = PBXBuildFile; fileRef = 1F80B1102D350DD600CBDC6F /* CDCounter+Ext.swift */; };
		1F80B1132D3511B900CBDC6F /* CDCount+Ext.swift in Sources */ = {isa = PBXBuildFile; fileRef = 1F80B1122D3511B900CBDC6F /* CDCount+Ext.swift */; };
		1F80B1152D35132200CBDC6F /* CDTag+Ext.swift in Sources */ = {isa = PBXBuildFile; fileRef = 1F80B1142D35132200CBDC6F /* CDTag+Ext.swift */; };
		1F80B1182D3514DF00CBDC6F /* CDCounterRepository.swift in Sources */ = {isa = PBXBuildFile; fileRef = 1F80B1172D3514DF00CBDC6F /* CDCounterRepository.swift */; };
		1F80B11A2D35189D00CBDC6F /* CDCountRepository.swift in Sources */ = {isa = PBXBuildFile; fileRef = 1F80B1192D35189D00CBDC6F /* CDCountRepository.swift */; };
		1F80B11C2D351A2500CBDC6F /* CDTagRepository.swift in Sources */ = {isa = PBXBuildFile; fileRef = 1F80B11B2D351A2500CBDC6F /* CDTagRepository.swift */; };
		1F80B11F2D3520B100CBDC6F /* HomeViewModel.swift in Sources */ = {isa = PBXBuildFile; fileRef = 1F80B11E2D3520B100CBDC6F /* HomeViewModel.swift */; };
		1F80B1222D352B5C00CBDC6F /* CounterParams.swift in Sources */ = {isa = PBXBuildFile; fileRef = 1F80B1212D352B5C00CBDC6F /* CounterParams.swift */; };
		1F80B1242D3540FA00CBDC6F /* AddCounterViewModel.swift in Sources */ = {isa = PBXBuildFile; fileRef = 1F80B1232D3540FA00CBDC6F /* AddCounterViewModel.swift */; };
		1F80B1262D3542CF00CBDC6F /* CounterViewModel.swift in Sources */ = {isa = PBXBuildFile; fileRef = 1F80B1252D3542CF00CBDC6F /* CounterViewModel.swift */; };
		1F90D53B2D29AE3300A30CBF /* HomeDrawer.swift in Sources */ = {isa = PBXBuildFile; fileRef = 1F90D53A2D29AE3300A30CBF /* HomeDrawer.swift */; };
		1F90D53F2D29B80200A30CBF /* CountoramaTabView.swift in Sources */ = {isa = PBXBuildFile; fileRef = 1F90D53E2D29B80200A30CBF /* CountoramaTabView.swift */; };
		1F90D5422D29B90500A30CBF /* TagPage.swift in Sources */ = {isa = PBXBuildFile; fileRef = 1F90D5412D29B90500A30CBF /* TagPage.swift */; };
		1F90D5472D29B93700A30CBF /* SettingPage.swift in Sources */ = {isa = PBXBuildFile; fileRef = 1F90D5462D29B93700A30CBF /* SettingPage.swift */; };
		1FB4B7D32D40F2E200A87BB5 /* SettingViewModel.swift in Sources */ = {isa = PBXBuildFile; fileRef = 1FB4B7D22D40F2E200A87BB5 /* SettingViewModel.swift */; };
		1FBBCB022D286E0300DDE9BB /* CounterListItemView.swift in Sources */ = {isa = PBXBuildFile; fileRef = 1FBBCB012D286E0300DDE9BB /* CounterListItemView.swift */; };
		1FBBCB042D2876A000DDE9BB /* AddCounterPage.swift in Sources */ = {isa = PBXBuildFile; fileRef = 1FBBCB032D2876A000DDE9BB /* AddCounterPage.swift */; };
		1FBD1FCD2D35967000FF3E3D /* TagViewModel.swift in Sources */ = {isa = PBXBuildFile; fileRef = 1FBD1FCC2D35967000FF3E3D /* TagViewModel.swift */; };
		1FBD1FD02D35972D00FF3E3D /* TagTextField.swift in Sources */ = {isa = PBXBuildFile; fileRef = 1FBD1FCF2D35972D00FF3E3D /* TagTextField.swift */; };
		1FCC59982D36E8D3008BB2A1 /* HeatmapView.swift in Sources */ = {isa = PBXBuildFile; fileRef = 1FCC59972D36E8D3008BB2A1 /* HeatmapView.swift */; };
/* End PBXBuildFile section */

/* Begin PBXFileReference section */
		1F2D456B2D30343700C1F45A /* AnalysisDetailPage.swift */ = {isa = PBXFileReference; lastKnownFileType = sourcecode.swift; path = AnalysisDetailPage.swift; sourceTree = "<group>"; };
		1F2D456D2D30437A00C1F45A /* AnalysisDetailEditPage.swift */ = {isa = PBXFileReference; lastKnownFileType = sourcecode.swift; path = AnalysisDetailEditPage.swift; sourceTree = "<group>"; };
		1F346DC52D2AD50400113DFF /* CounterGridView.swift */ = {isa = PBXFileReference; lastKnownFileType = sourcecode.swift; path = CounterGridView.swift; sourceTree = "<group>"; };
		1F346DC72D2AD5B200113DFF /* CounterGridItemView.swift */ = {isa = PBXFileReference; lastKnownFileType = sourcecode.swift; path = CounterGridItemView.swift; sourceTree = "<group>"; };
		1F346DC92D2AD9FD00113DFF /* CounterListView.swift */ = {isa = PBXFileReference; lastKnownFileType = sourcecode.swift; path = CounterListView.swift; sourceTree = "<group>"; };
		1F346DCE2D2ADE4800113DFF /* CountersView.swift */ = {isa = PBXFileReference; lastKnownFileType = sourcecode.swift; path = CountersView.swift; sourceTree = "<group>"; };
		1F658BCB2D28593800AD8940 /* Countorama.app */ = {isa = PBXFileReference; explicitFileType = wrapper.application; includeInIndex = 0; path = Countorama.app; sourceTree = BUILT_PRODUCTS_DIR; };
		1F658BCE2D28593800AD8940 /* CountoramaApp.swift */ = {isa = PBXFileReference; lastKnownFileType = sourcecode.swift; path = CountoramaApp.swift; sourceTree = "<group>"; };
		1F658BD22D28593C00AD8940 /* Assets.xcassets */ = {isa = PBXFileReference; lastKnownFileType = folder.assetcatalog; path = Assets.xcassets; sourceTree = "<group>"; };
		1F658BD52D28593C00AD8940 /* Preview Assets.xcassets */ = {isa = PBXFileReference; lastKnownFileType = folder.assetcatalog; path = "Preview Assets.xcassets"; sourceTree = "<group>"; };
		1F658BD72D28593C00AD8940 /* Persistence.swift */ = {isa = PBXFileReference; lastKnownFileType = sourcecode.swift; path = Persistence.swift; sourceTree = "<group>"; };
		1F658BDA2D28593C00AD8940 /* Countorama.xcdatamodel */ = {isa = PBXFileReference; lastKnownFileType = wrapper.xcdatamodel; path = Countorama.xcdatamodel; sourceTree = "<group>"; };
		1F658BE42D285ABD00AD8940 /* HomePage.swift */ = {isa = PBXFileReference; lastKnownFileType = sourcecode.swift; path = HomePage.swift; sourceTree = "<group>"; };
		1F6B09922D401681009DBC44 /* TagSearchView.swift */ = {isa = PBXFileReference; lastKnownFileType = sourcecode.swift; path = TagSearchView.swift; sourceTree = "<group>"; };
		1F6B09962D401C8A009DBC44 /* NavigationPathObject.swift */ = {isa = PBXFileReference; lastKnownFileType = sourcecode.swift; path = NavigationPathObject.swift; sourceTree = "<group>"; };
		1F80B1102D350DD600CBDC6F /* CDCounter+Ext.swift */ = {isa = PBXFileReference; lastKnownFileType = sourcecode.swift; path = "CDCounter+Ext.swift"; sourceTree = "<group>"; };
		1F80B1122D3511B900CBDC6F /* CDCount+Ext.swift */ = {isa = PBXFileReference; lastKnownFileType = sourcecode.swift; path = "CDCount+Ext.swift"; sourceTree = "<group>"; };
		1F80B1142D35132200CBDC6F /* CDTag+Ext.swift */ = {isa = PBXFileReference; lastKnownFileType = sourcecode.swift; path = "CDTag+Ext.swift"; sourceTree = "<group>"; };
		1F80B1172D3514DF00CBDC6F /* CDCounterRepository.swift */ = {isa = PBXFileReference; lastKnownFileType = sourcecode.swift; path = CDCounterRepository.swift; sourceTree = "<group>"; };
		1F80B1192D35189D00CBDC6F /* CDCountRepository.swift */ = {isa = PBXFileReference; lastKnownFileType = sourcecode.swift; path = CDCountRepository.swift; sourceTree = "<group>"; };
		1F80B11B2D351A2500CBDC6F /* CDTagRepository.swift */ = {isa = PBXFileReference; lastKnownFileType = sourcecode.swift; path = CDTagRepository.swift; sourceTree = "<group>"; };
		1F80B11E2D3520B100CBDC6F /* HomeViewModel.swift */ = {isa = PBXFileReference; lastKnownFileType = sourcecode.swift; path = HomeViewModel.swift; sourceTree = "<group>"; };
		1F80B1212D352B5C00CBDC6F /* CounterParams.swift */ = {isa = PBXFileReference; lastKnownFileType = sourcecode.swift; path = CounterParams.swift; sourceTree = "<group>"; };
		1F80B1232D3540FA00CBDC6F /* AddCounterViewModel.swift */ = {isa = PBXFileReference; lastKnownFileType = sourcecode.swift; path = AddCounterViewModel.swift; sourceTree = "<group>"; };
		1F80B1252D3542CF00CBDC6F /* CounterViewModel.swift */ = {isa = PBXFileReference; lastKnownFileType = sourcecode.swift; path = CounterViewModel.swift; sourceTree = "<group>"; };
		1F90D53A2D29AE3300A30CBF /* HomeDrawer.swift */ = {isa = PBXFileReference; lastKnownFileType = sourcecode.swift; path = HomeDrawer.swift; sourceTree = "<group>"; };
		1F90D53E2D29B80200A30CBF /* CountoramaTabView.swift */ = {isa = PBXFileReference; lastKnownFileType = sourcecode.swift; path = CountoramaTabView.swift; sourceTree = "<group>"; };
		1F90D5412D29B90500A30CBF /* TagPage.swift */ = {isa = PBXFileReference; lastKnownFileType = sourcecode.swift; path = TagPage.swift; sourceTree = "<group>"; };
		1F90D5462D29B93700A30CBF /* SettingPage.swift */ = {isa = PBXFileReference; lastKnownFileType = sourcecode.swift; path = SettingPage.swift; sourceTree = "<group>"; };
		1FB4B7D22D40F2E200A87BB5 /* SettingViewModel.swift */ = {isa = PBXFileReference; lastKnownFileType = sourcecode.swift; path = SettingViewModel.swift; sourceTree = "<group>"; };
		1FBBCB012D286E0300DDE9BB /* CounterListItemView.swift */ = {isa = PBXFileReference; lastKnownFileType = sourcecode.swift; path = CounterListItemView.swift; sourceTree = "<group>"; };
		1FBBCB032D2876A000DDE9BB /* AddCounterPage.swift */ = {isa = PBXFileReference; lastKnownFileType = sourcecode.swift; path = AddCounterPage.swift; sourceTree = "<group>"; };
		1FBD1FCC2D35967000FF3E3D /* TagViewModel.swift */ = {isa = PBXFileReference; lastKnownFileType = sourcecode.swift; path = TagViewModel.swift; sourceTree = "<group>"; };
		1FBD1FCF2D35972D00FF3E3D /* TagTextField.swift */ = {isa = PBXFileReference; lastKnownFileType = sourcecode.swift; path = TagTextField.swift; sourceTree = "<group>"; };
		1FCC59972D36E8D3008BB2A1 /* HeatmapView.swift */ = {isa = PBXFileReference; lastKnownFileType = sourcecode.swift; path = HeatmapView.swift; sourceTree = "<group>"; };
/* End PBXFileReference section */

/* Begin PBXFrameworksBuildPhase section */
		1F658BC82D28593800AD8940 /* Frameworks */ = {
			isa = PBXFrameworksBuildPhase;
			buildActionMask = 2147483647;
			files = (
			);
			runOnlyForDeploymentPostprocessing = 0;
		};
/* End PBXFrameworksBuildPhase section */

/* Begin PBXGroup section */
		1F2D456A2D30341800C1F45A /* Details */ = {
			isa = PBXGroup;
			children = (
				1FCC59962D36E8BA008BB2A1 /* Views */,
				1F2D456B2D30343700C1F45A /* AnalysisDetailPage.swift */,
				1F2D456D2D30437A00C1F45A /* AnalysisDetailEditPage.swift */,
			);
			path = Details;
			sourceTree = "<group>";
		};
		1F346DCB2D2ADD7E00113DFF /* Common */ = {
			isa = PBXGroup;
			children = (
				1F80B1162D3514B900CBDC6F /* Repository */,
				1F80B10F2D350DB800CBDC6F /* Extensions */,
				1F6B09962D401C8A009DBC44 /* NavigationPathObject.swift */,
			);
			path = Common;
			sourceTree = "<group>";
		};
		1F658BC22D28593800AD8940 = {
			isa = PBXGroup;
			children = (
				1F658BCD2D28593800AD8940 /* Countorama */,
				1F658BCC2D28593800AD8940 /* Products */,
			);
			sourceTree = "<group>";
		};
		1F658BCC2D28593800AD8940 /* Products */ = {
			isa = PBXGroup;
			children = (
				1F658BCB2D28593800AD8940 /* Countorama.app */,
			);
			name = Products;
			sourceTree = "<group>";
		};
		1F658BCD2D28593800AD8940 /* Countorama */ = {
			isa = PBXGroup;
			children = (
				1F346DCB2D2ADD7E00113DFF /* Common */,
				1F658BE12D285A8B00AD8940 /* Features */,
				1F90D53E2D29B80200A30CBF /* CountoramaTabView.swift */,
				1F658BCE2D28593800AD8940 /* CountoramaApp.swift */,
				1F658BD22D28593C00AD8940 /* Assets.xcassets */,
				1F658BD72D28593C00AD8940 /* Persistence.swift */,
				1F658BD92D28593C00AD8940 /* Countorama.xcdatamodeld */,
				1F658BD42D28593C00AD8940 /* Preview Content */,
			);
			path = Countorama;
			sourceTree = "<group>";
		};
		1F658BD42D28593C00AD8940 /* Preview Content */ = {
			isa = PBXGroup;
			children = (
				1F658BD52D28593C00AD8940 /* Preview Assets.xcassets */,
			);
			path = "Preview Content";
			sourceTree = "<group>";
		};
		1F658BE12D285A8B00AD8940 /* Features */ = {
			isa = PBXGroup;
			children = (
				1F2D456A2D30341800C1F45A /* Details */,
				1F90D5442D29B92300A30CBF /* Settings */,
				1F90D5402D29B8F300A30CBF /* Tag */,
				1F658BE22D285A9300AD8940 /* Home */,
			);
			path = Features;
			sourceTree = "<group>";
		};
		1F658BE22D285A9300AD8940 /* Home */ = {
			isa = PBXGroup;
			children = (
				1F80B1202D352B4C00CBDC6F /* Model */,
				1F80B11D2D3520A200CBDC6F /* ViewModel */,
				1FBBCB002D286DD400DDE9BB /* Page */,
				1F658BE32D285A9F00AD8940 /* View */,
			);
			path = Home;
			sourceTree = "<group>";
		};
		1F658BE32D285A9F00AD8940 /* View */ = {
			isa = PBXGroup;
			children = (
				1FBBCB012D286E0300DDE9BB /* CounterListItemView.swift */,
				1F90D53A2D29AE3300A30CBF /* HomeDrawer.swift */,
				1F346DC52D2AD50400113DFF /* CounterGridView.swift */,
				1F346DC72D2AD5B200113DFF /* CounterGridItemView.swift */,
				1F346DC92D2AD9FD00113DFF /* CounterListView.swift */,
				1F346DCE2D2ADE4800113DFF /* CountersView.swift */,
			);
			path = View;
			sourceTree = "<group>";
		};
		1F80B10F2D350DB800CBDC6F /* Extensions */ = {
			isa = PBXGroup;
			children = (
				1F80B1102D350DD600CBDC6F /* CDCounter+Ext.swift */,
				1F80B1122D3511B900CBDC6F /* CDCount+Ext.swift */,
				1F80B1142D35132200CBDC6F /* CDTag+Ext.swift */,
			);
			path = Extensions;
			sourceTree = "<group>";
		};
		1F80B1162D3514B900CBDC6F /* Repository */ = {
			isa = PBXGroup;
			children = (
				1F80B1172D3514DF00CBDC6F /* CDCounterRepository.swift */,
				1F80B1192D35189D00CBDC6F /* CDCountRepository.swift */,
				1F80B11B2D351A2500CBDC6F /* CDTagRepository.swift */,
			);
			path = Repository;
			sourceTree = "<group>";
		};
		1F80B11D2D3520A200CBDC6F /* ViewModel */ = {
			isa = PBXGroup;
			children = (
				1F80B11E2D3520B100CBDC6F /* HomeViewModel.swift */,
				1F80B1232D3540FA00CBDC6F /* AddCounterViewModel.swift */,
				1F80B1252D3542CF00CBDC6F /* CounterViewModel.swift */,
			);
			path = ViewModel;
			sourceTree = "<group>";
		};
		1F80B1202D352B4C00CBDC6F /* Model */ = {
			isa = PBXGroup;
			children = (
				1F80B1212D352B5C00CBDC6F /* CounterParams.swift */,
			);
			path = Model;
			sourceTree = "<group>";
		};
		1F90D5402D29B8F300A30CBF /* Tag */ = {
			isa = PBXGroup;
			children = (
				1FBD1FCB2D35965E00FF3E3D /* ViewModel */,
				1FBD1FCE2D3596F100FF3E3D /* Views */,
				1F90D5432D29B91600A30CBF /* Page */,
			);
			path = Tag;
			sourceTree = "<group>";
		};
		1F90D5432D29B91600A30CBF /* Page */ = {
			isa = PBXGroup;
			children = (
				1F90D5412D29B90500A30CBF /* TagPage.swift */,
			);
			path = Page;
			sourceTree = "<group>";
		};
		1F90D5442D29B92300A30CBF /* Settings */ = {
			isa = PBXGroup;
			children = (
				1F90D5452D29B92D00A30CBF /* Page */,
				1FB4B7D22D40F2E200A87BB5 /* SettingViewModel.swift */,
			);
			path = Settings;
			sourceTree = "<group>";
		};
		1F90D5452D29B92D00A30CBF /* Page */ = {
			isa = PBXGroup;
			children = (
				1F90D5462D29B93700A30CBF /* SettingPage.swift */,
			);
			path = Page;
			sourceTree = "<group>";
		};
		1FBBCB002D286DD400DDE9BB /* Page */ = {
			isa = PBXGroup;
			children = (
				1F658BE42D285ABD00AD8940 /* HomePage.swift */,
				1FBBCB032D2876A000DDE9BB /* AddCounterPage.swift */,
			);
			path = Page;
			sourceTree = "<group>";
		};
		1FBD1FCB2D35965E00FF3E3D /* ViewModel */ = {
			isa = PBXGroup;
			children = (
				1FBD1FCC2D35967000FF3E3D /* TagViewModel.swift */,
			);
			path = ViewModel;
			sourceTree = "<group>";
		};
		1FBD1FCE2D3596F100FF3E3D /* Views */ = {
			isa = PBXGroup;
			children = (
				1FBD1FCF2D35972D00FF3E3D /* TagTextField.swift */,
				1F6B09922D401681009DBC44 /* TagSearchView.swift */,
			);
			path = Views;
			sourceTree = "<group>";
		};
		1FCC59962D36E8BA008BB2A1 /* Views */ = {
			isa = PBXGroup;
			children = (
				1FCC59972D36E8D3008BB2A1 /* HeatmapView.swift */,
			);
			path = Views;
			sourceTree = "<group>";
		};
/* End PBXGroup section */

/* Begin PBXNativeTarget section */
		1F658BCA2D28593800AD8940 /* Countorama */ = {
			isa = PBXNativeTarget;
			buildConfigurationList = 1F658BDE2D28593C00AD8940 /* Build configuration list for PBXNativeTarget "Countorama" */;
			buildPhases = (
				1F658BC72D28593800AD8940 /* Sources */,
				1F658BC82D28593800AD8940 /* Frameworks */,
				1F658BC92D28593800AD8940 /* Resources */,
			);
			buildRules = (
			);
			dependencies = (
			);
			name = Countorama;
			productName = Countorama;
			productReference = 1F658BCB2D28593800AD8940 /* Countorama.app */;
			productType = "com.apple.product-type.application";
		};
/* End PBXNativeTarget section */

/* Begin PBXProject section */
		1F658BC32D28593800AD8940 /* Project object */ = {
			isa = PBXProject;
			attributes = {
				BuildIndependentTargetsInParallel = 1;
				LastSwiftUpdateCheck = 1540;
				LastUpgradeCheck = 1540;
				TargetAttributes = {
					1F658BCA2D28593800AD8940 = {
						CreatedOnToolsVersion = 15.4;
					};
				};
			};
			buildConfigurationList = 1F658BC62D28593800AD8940 /* Build configuration list for PBXProject "Countorama" */;
			compatibilityVersion = "Xcode 14.0";
			developmentRegion = en;
			hasScannedForEncodings = 0;
			knownRegions = (
				en,
				Base,
			);
			mainGroup = 1F658BC22D28593800AD8940;
			productRefGroup = 1F658BCC2D28593800AD8940 /* Products */;
			projectDirPath = "";
			projectRoot = "";
			targets = (
				1F658BCA2D28593800AD8940 /* Countorama */,
			);
		};
/* End PBXProject section */

/* Begin PBXResourcesBuildPhase section */
		1F658BC92D28593800AD8940 /* Resources */ = {
			isa = PBXResourcesBuildPhase;
			buildActionMask = 2147483647;
			files = (
				1F658BD62D28593C00AD8940 /* Preview Assets.xcassets in Resources */,
				1F658BD32D28593C00AD8940 /* Assets.xcassets in Resources */,
			);
			runOnlyForDeploymentPostprocessing = 0;
		};
/* End PBXResourcesBuildPhase section */

/* Begin PBXSourcesBuildPhase section */
		1F658BC72D28593800AD8940 /* Sources */ = {
			isa = PBXSourcesBuildPhase;
			buildActionMask = 2147483647;
			files = (
				1F80B1132D3511B900CBDC6F /* CDCount+Ext.swift in Sources */,
				1F80B1242D3540FA00CBDC6F /* AddCounterViewModel.swift in Sources */,
				1FBD1FD02D35972D00FF3E3D /* TagTextField.swift in Sources */,
				1F6B09932D401681009DBC44 /* TagSearchView.swift in Sources */,
				1F90D53B2D29AE3300A30CBF /* HomeDrawer.swift in Sources */,
				1F2D456E2D30437A00C1F45A /* AnalysisDetailEditPage.swift in Sources */,
				1F90D5472D29B93700A30CBF /* SettingPage.swift in Sources */,
				1F90D5422D29B90500A30CBF /* TagPage.swift in Sources */,
				1F80B11F2D3520B100CBDC6F /* HomeViewModel.swift in Sources */,
				1F80B1152D35132200CBDC6F /* CDTag+Ext.swift in Sources */,
				1F658BDB2D28593C00AD8940 /* Countorama.xcdatamodeld in Sources */,
				1F346DC82D2AD5B200113DFF /* CounterGridItemView.swift in Sources */,
				1F346DCA2D2AD9FD00113DFF /* CounterListView.swift in Sources */,
				1F80B1222D352B5C00CBDC6F /* CounterParams.swift in Sources */,
				1F346DC62D2AD50400113DFF /* CounterGridView.swift in Sources */,
				1F658BE52D285ABD00AD8940 /* HomePage.swift in Sources */,
				1F80B1182D3514DF00CBDC6F /* CDCounterRepository.swift in Sources */,
				1FCC59982D36E8D3008BB2A1 /* HeatmapView.swift in Sources */,
				1F658BD82D28593C00AD8940 /* Persistence.swift in Sources */,
				1F346DCF2D2ADE4800113DFF /* CountersView.swift in Sources */,
				1F80B1262D3542CF00CBDC6F /* CounterViewModel.swift in Sources */,
				1FBBCB042D2876A000DDE9BB /* AddCounterPage.swift in Sources */,
				1F90D53F2D29B80200A30CBF /* CountoramaTabView.swift in Sources */,
				1FBD1FCD2D35967000FF3E3D /* TagViewModel.swift in Sources */,
				1F6B09972D401C8A009DBC44 /* NavigationPathObject.swift in Sources */,
				1F80B11A2D35189D00CBDC6F /* CDCountRepository.swift in Sources */,
				1F2D456C2D30343700C1F45A /* AnalysisDetailPage.swift in Sources */,
				1FB4B7D32D40F2E200A87BB5 /* SettingViewModel.swift in Sources */,
				1F658BCF2D28593800AD8940 /* CountoramaApp.swift in Sources */,
				1F80B11C2D351A2500CBDC6F /* CDTagRepository.swift in Sources */,
				1F80B1112D350DD600CBDC6F /* CDCounter+Ext.swift in Sources */,
				1FBBCB022D286E0300DDE9BB /* CounterListItemView.swift in Sources */,
			);
			runOnlyForDeploymentPostprocessing = 0;
		};
/* End PBXSourcesBuildPhase section */

/* Begin XCBuildConfiguration section */
		1F658BDC2D28593C00AD8940 /* Debug */ = {
			isa = XCBuildConfiguration;
			buildSettings = {
				ALWAYS_SEARCH_USER_PATHS = NO;
				ASSETCATALOG_COMPILER_GENERATE_SWIFT_ASSET_SYMBOL_EXTENSIONS = YES;
				CLANG_ANALYZER_NONNULL = YES;
				CLANG_ANALYZER_NUMBER_OBJECT_CONVERSION = YES_AGGRESSIVE;
				CLANG_CXX_LANGUAGE_STANDARD = "gnu++20";
				CLANG_ENABLE_MODULES = YES;
				CLANG_ENABLE_OBJC_ARC = YES;
				CLANG_ENABLE_OBJC_WEAK = YES;
				CLANG_WARN_BLOCK_CAPTURE_AUTORELEASING = YES;
				CLANG_WARN_BOOL_CONVERSION = YES;
				CLANG_WARN_COMMA = YES;
				CLANG_WARN_CONSTANT_CONVERSION = YES;
				CLANG_WARN_DEPRECATED_OBJC_IMPLEMENTATIONS = YES;
				CLANG_WARN_DIRECT_OBJC_ISA_USAGE = YES_ERROR;
				CLANG_WARN_DOCUMENTATION_COMMENTS = YES;
				CLANG_WARN_EMPTY_BODY = YES;
				CLANG_WARN_ENUM_CONVERSION = YES;
				CLANG_WARN_INFINITE_RECURSION = YES;
				CLANG_WARN_INT_CONVERSION = YES;
				CLANG_WARN_NON_LITERAL_NULL_CONVERSION = YES;
				CLANG_WARN_OBJC_IMPLICIT_RETAIN_SELF = YES;
				CLANG_WARN_OBJC_LITERAL_CONVERSION = YES;
				CLANG_WARN_OBJC_ROOT_CLASS = YES_ERROR;
				CLANG_WARN_QUOTED_INCLUDE_IN_FRAMEWORK_HEADER = YES;
				CLANG_WARN_RANGE_LOOP_ANALYSIS = YES;
				CLANG_WARN_STRICT_PROTOTYPES = YES;
				CLANG_WARN_SUSPICIOUS_MOVE = YES;
				CLANG_WARN_UNGUARDED_AVAILABILITY = YES_AGGRESSIVE;
				CLANG_WARN_UNREACHABLE_CODE = YES;
				CLANG_WARN__DUPLICATE_METHOD_MATCH = YES;
				COPY_PHASE_STRIP = NO;
				DEBUG_INFORMATION_FORMAT = dwarf;
				ENABLE_STRICT_OBJC_MSGSEND = YES;
				ENABLE_TESTABILITY = YES;
				ENABLE_USER_SCRIPT_SANDBOXING = YES;
				GCC_C_LANGUAGE_STANDARD = gnu17;
				GCC_DYNAMIC_NO_PIC = NO;
				GCC_NO_COMMON_BLOCKS = YES;
				GCC_OPTIMIZATION_LEVEL = 0;
				GCC_PREPROCESSOR_DEFINITIONS = (
					"DEBUG=1",
					"$(inherited)",
				);
				GCC_WARN_64_TO_32_BIT_CONVERSION = YES;
				GCC_WARN_ABOUT_RETURN_TYPE = YES_ERROR;
				GCC_WARN_UNDECLARED_SELECTOR = YES;
				GCC_WARN_UNINITIALIZED_AUTOS = YES_AGGRESSIVE;
				GCC_WARN_UNUSED_FUNCTION = YES;
				GCC_WARN_UNUSED_VARIABLE = YES;
				IPHONEOS_DEPLOYMENT_TARGET = 17.5;
				LOCALIZATION_PREFERS_STRING_CATALOGS = YES;
				MTL_ENABLE_DEBUG_INFO = INCLUDE_SOURCE;
				MTL_FAST_MATH = YES;
				ONLY_ACTIVE_ARCH = YES;
				SDKROOT = iphoneos;
				SWIFT_ACTIVE_COMPILATION_CONDITIONS = "DEBUG $(inherited)";
				SWIFT_OPTIMIZATION_LEVEL = "-Onone";
			};
			name = Debug;
		};
		1F658BDD2D28593C00AD8940 /* Release */ = {
			isa = XCBuildConfiguration;
			buildSettings = {
				ALWAYS_SEARCH_USER_PATHS = NO;
				ASSETCATALOG_COMPILER_GENERATE_SWIFT_ASSET_SYMBOL_EXTENSIONS = YES;
				CLANG_ANALYZER_NONNULL = YES;
				CLANG_ANALYZER_NUMBER_OBJECT_CONVERSION = YES_AGGRESSIVE;
				CLANG_CXX_LANGUAGE_STANDARD = "gnu++20";
				CLANG_ENABLE_MODULES = YES;
				CLANG_ENABLE_OBJC_ARC = YES;
				CLANG_ENABLE_OBJC_WEAK = YES;
				CLANG_WARN_BLOCK_CAPTURE_AUTORELEASING = YES;
				CLANG_WARN_BOOL_CONVERSION = YES;
				CLANG_WARN_COMMA = YES;
				CLANG_WARN_CONSTANT_CONVERSION = YES;
				CLANG_WARN_DEPRECATED_OBJC_IMPLEMENTATIONS = YES;
				CLANG_WARN_DIRECT_OBJC_ISA_USAGE = YES_ERROR;
				CLANG_WARN_DOCUMENTATION_COMMENTS = YES;
				CLANG_WARN_EMPTY_BODY = YES;
				CLANG_WARN_ENUM_CONVERSION = YES;
				CLANG_WARN_INFINITE_RECURSION = YES;
				CLANG_WARN_INT_CONVERSION = YES;
				CLANG_WARN_NON_LITERAL_NULL_CONVERSION = YES;
				CLANG_WARN_OBJC_IMPLICIT_RETAIN_SELF = YES;
				CLANG_WARN_OBJC_LITERAL_CONVERSION = YES;
				CLANG_WARN_OBJC_ROOT_CLASS = YES_ERROR;
				CLANG_WARN_QUOTED_INCLUDE_IN_FRAMEWORK_HEADER = YES;
				CLANG_WARN_RANGE_LOOP_ANALYSIS = YES;
				CLANG_WARN_STRICT_PROTOTYPES = YES;
				CLANG_WARN_SUSPICIOUS_MOVE = YES;
				CLANG_WARN_UNGUARDED_AVAILABILITY = YES_AGGRESSIVE;
				CLANG_WARN_UNREACHABLE_CODE = YES;
				CLANG_WARN__DUPLICATE_METHOD_MATCH = YES;
				COPY_PHASE_STRIP = NO;
				DEBUG_INFORMATION_FORMAT = "dwarf-with-dsym";
				ENABLE_NS_ASSERTIONS = NO;
				ENABLE_STRICT_OBJC_MSGSEND = YES;
				ENABLE_USER_SCRIPT_SANDBOXING = YES;
				GCC_C_LANGUAGE_STANDARD = gnu17;
				GCC_NO_COMMON_BLOCKS = YES;
				GCC_WARN_64_TO_32_BIT_CONVERSION = YES;
				GCC_WARN_ABOUT_RETURN_TYPE = YES_ERROR;
				GCC_WARN_UNDECLARED_SELECTOR = YES;
				GCC_WARN_UNINITIALIZED_AUTOS = YES_AGGRESSIVE;
				GCC_WARN_UNUSED_FUNCTION = YES;
				GCC_WARN_UNUSED_VARIABLE = YES;
				IPHONEOS_DEPLOYMENT_TARGET = 17.5;
				LOCALIZATION_PREFERS_STRING_CATALOGS = YES;
				MTL_ENABLE_DEBUG_INFO = NO;
				MTL_FAST_MATH = YES;
				SDKROOT = iphoneos;
				SWIFT_COMPILATION_MODE = wholemodule;
				VALIDATE_PRODUCT = YES;
			};
			name = Release;
		};
		1F658BDF2D28593C00AD8940 /* Debug */ = {
			isa = XCBuildConfiguration;
			buildSettings = {
				ASSETCATALOG_COMPILER_APPICON_NAME = AppIcon;
				ASSETCATALOG_COMPILER_GLOBAL_ACCENT_COLOR_NAME = AccentColor;
				CODE_SIGN_IDENTITY = "Apple Development";
				CODE_SIGN_STYLE = Automatic;
				CURRENT_PROJECT_VERSION = 1;
				DEVELOPMENT_ASSET_PATHS = "\"Countorama/Preview Content\"";
				DEVELOPMENT_TEAM = QWH2WL4S5Y;
				ENABLE_PREVIEWS = YES;
				GENERATE_INFOPLIST_FILE = YES;
				INFOPLIST_KEY_UIApplicationSceneManifest_Generation = YES;
				INFOPLIST_KEY_UIApplicationSupportsIndirectInputEvents = YES;
				INFOPLIST_KEY_UILaunchScreen_Generation = YES;
				INFOPLIST_KEY_UISupportedInterfaceOrientations_iPad = "UIInterfaceOrientationPortrait UIInterfaceOrientationPortraitUpsideDown UIInterfaceOrientationLandscapeLeft UIInterfaceOrientationLandscapeRight";
				INFOPLIST_KEY_UISupportedInterfaceOrientations_iPhone = "UIInterfaceOrientationPortrait UIInterfaceOrientationLandscapeLeft UIInterfaceOrientationLandscapeRight";
				IPHONEOS_DEPLOYMENT_TARGET = 17.5;
				LD_RUNPATH_SEARCH_PATHS = (
					"$(inherited)",
					"@executable_path/Frameworks",
				);
				MARKETING_VERSION = 1.0;
				PRODUCT_BUNDLE_IDENTIFIER = com.entilitystudio.CountoramaIOS;
				PRODUCT_NAME = "$(TARGET_NAME)";
				PROVISIONING_PROFILE_SPECIFIER = "";
				SWIFT_EMIT_LOC_STRINGS = YES;
				SWIFT_VERSION = 5.0;
				TARGETED_DEVICE_FAMILY = "1,2";
			};
			name = Debug;
		};
		1F658BE02D28593C00AD8940 /* Release */ = {
			isa = XCBuildConfiguration;
			buildSettings = {
				ASSETCATALOG_COMPILER_APPICON_NAME = AppIcon;
				ASSETCATALOG_COMPILER_GLOBAL_ACCENT_COLOR_NAME = AccentColor;
				CODE_SIGN_IDENTITY = "Apple Development";
				CODE_SIGN_STYLE = Automatic;
				CURRENT_PROJECT_VERSION = 1;
				DEVELOPMENT_ASSET_PATHS = "\"Countorama/Preview Content\"";
				DEVELOPMENT_TEAM = QWH2WL4S5Y;
				ENABLE_PREVIEWS = YES;
				GENERATE_INFOPLIST_FILE = YES;
				INFOPLIST_KEY_UIApplicationSceneManifest_Generation = YES;
				INFOPLIST_KEY_UIApplicationSupportsIndirectInputEvents = YES;
				INFOPLIST_KEY_UILaunchScreen_Generation = YES;
				INFOPLIST_KEY_UISupportedInterfaceOrientations_iPad = "UIInterfaceOrientationPortrait UIInterfaceOrientationPortraitUpsideDown UIInterfaceOrientationLandscapeLeft UIInterfaceOrientationLandscapeRight";
				INFOPLIST_KEY_UISupportedInterfaceOrientations_iPhone = "UIInterfaceOrientationPortrait UIInterfaceOrientationLandscapeLeft UIInterfaceOrientationLandscapeRight";
				IPHONEOS_DEPLOYMENT_TARGET = 17.5;
				LD_RUNPATH_SEARCH_PATHS = (
					"$(inherited)",
					"@executable_path/Frameworks",
				);
				MARKETING_VERSION = 1.0;
				PRODUCT_BUNDLE_IDENTIFIER = com.entilitystudio.CountoramaIOS;
				PRODUCT_NAME = "$(TARGET_NAME)";
				PROVISIONING_PROFILE_SPECIFIER = "";
				SWIFT_EMIT_LOC_STRINGS = YES;
				SWIFT_VERSION = 5.0;
				TARGETED_DEVICE_FAMILY = "1,2";
			};
			name = Release;
		};
/* End XCBuildConfiguration section */

/* Begin XCConfigurationList section */
		1F658BC62D28593800AD8940 /* Build configuration list for PBXProject "Countorama" */ = {
			isa = XCConfigurationList;
			buildConfigurations = (
				1F658BDC2D28593C00AD8940 /* Debug */,
				1F658BDD2D28593C00AD8940 /* Release */,
			);
			defaultConfigurationIsVisible = 0;
			defaultConfigurationName = Release;
		};
		1F658BDE2D28593C00AD8940 /* Build configuration list for PBXNativeTarget "Countorama" */ = {
			isa = XCConfigurationList;
			buildConfigurations = (
				1F658BDF2D28593C00AD8940 /* Debug */,
				1F658BE02D28593C00AD8940 /* Release */,
			);
			defaultConfigurationIsVisible = 0;
			defaultConfigurationName = Release;
		};
/* End XCConfigurationList section */

/* Begin XCVersionGroup section */
		1F658BD92D28593C00AD8940 /* Countorama.xcdatamodeld */ = {
			isa = XCVersionGroup;
			children = (
				1F658BDA2D28593C00AD8940 /* Countorama.xcdatamodel */,
			);
			currentVersion = 1F658BDA2D28593C00AD8940 /* Countorama.xcdatamodel */;
			path = Countorama.xcdatamodeld;
			sourceTree = "<group>";
			versionGroupType = wrapper.xcdatamodel;
		};
/* End XCVersionGroup section */
	};
	rootObject = 1F658BC32D28593800AD8940 /* Project object */;
}
